// !$*UTF8*$!
{
	archiveVersion = 1;
	classes = {
	};
	objectVersion = 51;
	objects = {

/* Begin PBXBuildFile section */
		47FE131996A8CE9D66AA7A9B /* Pods_SampleZipCodeAPI.framework in Frameworks */ = {isa = PBXBuildFile; fileRef = 0EAD2B532A3B6AF34BBE7966 /* Pods_SampleZipCodeAPI.framework */; };
		AD6F949D18E6CB8EF8D608CD /* Pods_SampleZipCodeAPI_SampleZipCodeAPIUITests.framework in Frameworks */ = {isa = PBXBuildFile; fileRef = 2496BAE768156C564F39CBED /* Pods_SampleZipCodeAPI_SampleZipCodeAPIUITests.framework */; };
		C5832D8627A67E6700DD5F96 /* RealmManager.swift in Sources */ = {isa = PBXBuildFile; fileRef = C5832D8527A67E6700DD5F96 /* RealmManager.swift */; };
		C5F09FC8279D2B4800E02B7B /* PersonalInfoEntity.swift in Sources */ = {isa = PBXBuildFile; fileRef = C5F09FC7279D2B4800E02B7B /* PersonalInfoEntity.swift */; };
		C5F9302427830BDF00FE16B9 /* AppDelegate.swift in Sources */ = {isa = PBXBuildFile; fileRef = C5F9302327830BDF00FE16B9 /* AppDelegate.swift */; };
		C5F9302627830BDF00FE16B9 /* SceneDelegate.swift in Sources */ = {isa = PBXBuildFile; fileRef = C5F9302527830BDF00FE16B9 /* SceneDelegate.swift */; };
		C5F9302827830BDF00FE16B9 /* PersonalInfoListViewController.swift in Sources */ = {isa = PBXBuildFile; fileRef = C5F9302727830BDF00FE16B9 /* PersonalInfoListViewController.swift */; };
		C5F9302B27830BDF00FE16B9 /* Main.storyboard in Resources */ = {isa = PBXBuildFile; fileRef = C5F9302927830BDF00FE16B9 /* Main.storyboard */; };
		C5F9302D27830BDF00FE16B9 /* Assets.xcassets in Resources */ = {isa = PBXBuildFile; fileRef = C5F9302C27830BDF00FE16B9 /* Assets.xcassets */; };
		C5F9303027830BDF00FE16B9 /* LaunchScreen.storyboard in Resources */ = {isa = PBXBuildFile; fileRef = C5F9302E27830BDF00FE16B9 /* LaunchScreen.storyboard */; };
		C5F9303B27830BDF00FE16B9 /* SampleZipCodeAPITests.swift in Sources */ = {isa = PBXBuildFile; fileRef = C5F9303A27830BDF00FE16B9 /* SampleZipCodeAPITests.swift */; };
		C5F9304627830BE000FE16B9 /* SampleZipCodeAPIUITests.swift in Sources */ = {isa = PBXBuildFile; fileRef = C5F9304527830BE000FE16B9 /* SampleZipCodeAPIUITests.swift */; };
		C5F930682783107D00FE16B9 /* PersonalInfoView.swift in Sources */ = {isa = PBXBuildFile; fileRef = C5F930662783107D00FE16B9 /* PersonalInfoView.swift */; };
		C5F930692783107D00FE16B9 /* PersonalInfoView.xib in Resources */ = {isa = PBXBuildFile; fileRef = C5F930672783107D00FE16B9 /* PersonalInfoView.xib */; };
		C5F930712783114000FE16B9 /* NSObject+.swift in Sources */ = {isa = PBXBuildFile; fileRef = C5F930702783114000FE16B9 /* NSObject+.swift */; };
		C5F930762783176200FE16B9 /* RegisterViewController.swift in Sources */ = {isa = PBXBuildFile; fileRef = C5F930752783176200FE16B9 /* RegisterViewController.swift */; };
		C5F9307B2783176D00FE16B9 /* RegisterViewController.storyboard in Resources */ = {isa = PBXBuildFile; fileRef = C5F9307A2783176D00FE16B9 /* RegisterViewController.storyboard */; };
		C5F930802783188D00FE16B9 /* UIViewController+.swift in Sources */ = {isa = PBXBuildFile; fileRef = C5F9307F2783188D00FE16B9 /* UIViewController+.swift */; };
		C5F930952785CBA500FE16B9 /* UITableView+.swift in Sources */ = {isa = PBXBuildFile; fileRef = C5F930942785CBA500FE16B9 /* UITableView+.swift */; };
		C5F9309A2789818D00FE16B9 /* InputTextView.swift in Sources */ = {isa = PBXBuildFile; fileRef = C5F930992789818D00FE16B9 /* InputTextView.swift */; };
		C5F9309F2789819E00FE16B9 /* InputTextView.xib in Resources */ = {isa = PBXBuildFile; fileRef = C5F9309E2789819E00FE16B9 /* InputTextView.xib */; };
		C5F930B127898C6C00FE16B9 /* RegisterButtonView.swift in Sources */ = {isa = PBXBuildFile; fileRef = C5F930B027898C6C00FE16B9 /* RegisterButtonView.swift */; };
		C5F930B627898C7B00FE16B9 /* RegisterButtonView.xib in Resources */ = {isa = PBXBuildFile; fileRef = C5F930B527898C7B00FE16B9 /* RegisterButtonView.xib */; };
		C5F930EF278A631D00FE16B9 /* ZipCodeManager.swift in Sources */ = {isa = PBXBuildFile; fileRef = C5F930EE278A631D00FE16B9 /* ZipCodeManager.swift */; };
		C5F931AC278C688B00FE16B9 /* AddressEntity.swift in Sources */ = {isa = PBXBuildFile; fileRef = C5F931AB278C688B00FE16B9 /* AddressEntity.swift */; };
		C5F9326D2798790500FE16B9 /* ErrorMessageType.swift in Sources */ = {isa = PBXBuildFile; fileRef = C5F9326C2798790500FE16B9 /* ErrorMessageType.swift */; };
		C5F9327527989BA600FE16B9 /* IndicatorManager.swift in Sources */ = {isa = PBXBuildFile; fileRef = C5F9327427989BA600FE16B9 /* IndicatorManager.swift */; };
		EA02A994E6554ACD98F87594 /* Pods_SampleZipCodeAPITests.framework in Frameworks */ = {isa = PBXBuildFile; fileRef = 3328087FBAF01F86420FC620 /* Pods_SampleZipCodeAPITests.framework */; };
/* End PBXBuildFile section */

/* Begin PBXContainerItemProxy section */
		C5F9303727830BDF00FE16B9 /* PBXContainerItemProxy */ = {
			isa = PBXContainerItemProxy;
			containerPortal = C5F9301827830BDF00FE16B9 /* Project object */;
			proxyType = 1;
			remoteGlobalIDString = C5F9301F27830BDF00FE16B9;
			remoteInfo = SampleZipCodeAPI;
		};
		C5F9304227830BDF00FE16B9 /* PBXContainerItemProxy */ = {
			isa = PBXContainerItemProxy;
			containerPortal = C5F9301827830BDF00FE16B9 /* Project object */;
			proxyType = 1;
			remoteGlobalIDString = C5F9301F27830BDF00FE16B9;
			remoteInfo = SampleZipCodeAPI;
		};
/* End PBXContainerItemProxy section */

/* Begin PBXFileReference section */
		0EAD2B532A3B6AF34BBE7966 /* Pods_SampleZipCodeAPI.framework */ = {isa = PBXFileReference; explicitFileType = wrapper.framework; includeInIndex = 0; path = Pods_SampleZipCodeAPI.framework; sourceTree = BUILT_PRODUCTS_DIR; };
		2496BAE768156C564F39CBED /* Pods_SampleZipCodeAPI_SampleZipCodeAPIUITests.framework */ = {isa = PBXFileReference; explicitFileType = wrapper.framework; includeInIndex = 0; path = Pods_SampleZipCodeAPI_SampleZipCodeAPIUITests.framework; sourceTree = BUILT_PRODUCTS_DIR; };
		3328087FBAF01F86420FC620 /* Pods_SampleZipCodeAPITests.framework */ = {isa = PBXFileReference; explicitFileType = wrapper.framework; includeInIndex = 0; path = Pods_SampleZipCodeAPITests.framework; sourceTree = BUILT_PRODUCTS_DIR; };
		75E9DFFAD1D4917C435E281D /* Pods-SampleZipCodeAPI-SampleZipCodeAPIUITests.debug.xcconfig */ = {isa = PBXFileReference; includeInIndex = 1; lastKnownFileType = text.xcconfig; name = "Pods-SampleZipCodeAPI-SampleZipCodeAPIUITests.debug.xcconfig"; path = "Target Support Files/Pods-SampleZipCodeAPI-SampleZipCodeAPIUITests/Pods-SampleZipCodeAPI-SampleZipCodeAPIUITests.debug.xcconfig"; sourceTree = "<group>"; };
		7C782DC99643D6CAC7669125 /* Pods-SampleZipCodeAPITests.debug.xcconfig */ = {isa = PBXFileReference; includeInIndex = 1; lastKnownFileType = text.xcconfig; name = "Pods-SampleZipCodeAPITests.debug.xcconfig"; path = "Target Support Files/Pods-SampleZipCodeAPITests/Pods-SampleZipCodeAPITests.debug.xcconfig"; sourceTree = "<group>"; };
		B92C5751184E577661088A22 /* Pods-SampleZipCodeAPI.debug.xcconfig */ = {isa = PBXFileReference; includeInIndex = 1; lastKnownFileType = text.xcconfig; name = "Pods-SampleZipCodeAPI.debug.xcconfig"; path = "Target Support Files/Pods-SampleZipCodeAPI/Pods-SampleZipCodeAPI.debug.xcconfig"; sourceTree = "<group>"; };
		C5832D8527A67E6700DD5F96 /* RealmManager.swift */ = {isa = PBXFileReference; lastKnownFileType = sourcecode.swift; path = RealmManager.swift; sourceTree = "<group>"; };
		C5F09FC7279D2B4800E02B7B /* PersonalInfoEntity.swift */ = {isa = PBXFileReference; lastKnownFileType = sourcecode.swift; path = PersonalInfoEntity.swift; sourceTree = "<group>"; };
		C5F9302027830BDF00FE16B9 /* SampleZipCodeAPI.app */ = {isa = PBXFileReference; explicitFileType = wrapper.application; includeInIndex = 0; path = SampleZipCodeAPI.app; sourceTree = BUILT_PRODUCTS_DIR; };
		C5F9302327830BDF00FE16B9 /* AppDelegate.swift */ = {isa = PBXFileReference; lastKnownFileType = sourcecode.swift; path = AppDelegate.swift; sourceTree = "<group>"; };
		C5F9302527830BDF00FE16B9 /* SceneDelegate.swift */ = {isa = PBXFileReference; lastKnownFileType = sourcecode.swift; path = SceneDelegate.swift; sourceTree = "<group>"; };
		C5F9302727830BDF00FE16B9 /* PersonalInfoListViewController.swift */ = {isa = PBXFileReference; lastKnownFileType = sourcecode.swift; path = PersonalInfoListViewController.swift; sourceTree = "<group>"; };
		C5F9302A27830BDF00FE16B9 /* Base */ = {isa = PBXFileReference; lastKnownFileType = file.storyboard; name = Base; path = Base.lproj/Main.storyboard; sourceTree = "<group>"; };
		C5F9302C27830BDF00FE16B9 /* Assets.xcassets */ = {isa = PBXFileReference; lastKnownFileType = folder.assetcatalog; path = Assets.xcassets; sourceTree = "<group>"; };
		C5F9302F27830BDF00FE16B9 /* Base */ = {isa = PBXFileReference; lastKnownFileType = file.storyboard; name = Base; path = Base.lproj/LaunchScreen.storyboard; sourceTree = "<group>"; };
		C5F9303127830BDF00FE16B9 /* Info.plist */ = {isa = PBXFileReference; lastKnownFileType = text.plist.xml; path = Info.plist; sourceTree = "<group>"; };
		C5F9303627830BDF00FE16B9 /* SampleZipCodeAPITests.xctest */ = {isa = PBXFileReference; explicitFileType = wrapper.cfbundle; includeInIndex = 0; path = SampleZipCodeAPITests.xctest; sourceTree = BUILT_PRODUCTS_DIR; };
		C5F9303A27830BDF00FE16B9 /* SampleZipCodeAPITests.swift */ = {isa = PBXFileReference; lastKnownFileType = sourcecode.swift; path = SampleZipCodeAPITests.swift; sourceTree = "<group>"; };
		C5F9303C27830BDF00FE16B9 /* Info.plist */ = {isa = PBXFileReference; lastKnownFileType = text.plist.xml; path = Info.plist; sourceTree = "<group>"; };
		C5F9304127830BDF00FE16B9 /* SampleZipCodeAPIUITests.xctest */ = {isa = PBXFileReference; explicitFileType = wrapper.cfbundle; includeInIndex = 0; path = SampleZipCodeAPIUITests.xctest; sourceTree = BUILT_PRODUCTS_DIR; };
		C5F9304527830BE000FE16B9 /* SampleZipCodeAPIUITests.swift */ = {isa = PBXFileReference; lastKnownFileType = sourcecode.swift; path = SampleZipCodeAPIUITests.swift; sourceTree = "<group>"; };
		C5F9304727830BE000FE16B9 /* Info.plist */ = {isa = PBXFileReference; lastKnownFileType = text.plist.xml; path = Info.plist; sourceTree = "<group>"; };
		C5F930662783107D00FE16B9 /* PersonalInfoView.swift */ = {isa = PBXFileReference; lastKnownFileType = sourcecode.swift; path = PersonalInfoView.swift; sourceTree = "<group>"; };
		C5F930672783107D00FE16B9 /* PersonalInfoView.xib */ = {isa = PBXFileReference; lastKnownFileType = file.xib; path = PersonalInfoView.xib; sourceTree = "<group>"; };
		C5F930702783114000FE16B9 /* NSObject+.swift */ = {isa = PBXFileReference; lastKnownFileType = sourcecode.swift; path = "NSObject+.swift"; sourceTree = "<group>"; };
		C5F930752783176200FE16B9 /* RegisterViewController.swift */ = {isa = PBXFileReference; lastKnownFileType = sourcecode.swift; path = RegisterViewController.swift; sourceTree = "<group>"; };
		C5F9307A2783176D00FE16B9 /* RegisterViewController.storyboard */ = {isa = PBXFileReference; lastKnownFileType = file.storyboard; path = RegisterViewController.storyboard; sourceTree = "<group>"; };
		C5F9307F2783188D00FE16B9 /* UIViewController+.swift */ = {isa = PBXFileReference; lastKnownFileType = sourcecode.swift; path = "UIViewController+.swift"; sourceTree = "<group>"; };
		C5F930942785CBA500FE16B9 /* UITableView+.swift */ = {isa = PBXFileReference; lastKnownFileType = sourcecode.swift; path = "UITableView+.swift"; sourceTree = "<group>"; };
		C5F930992789818D00FE16B9 /* InputTextView.swift */ = {isa = PBXFileReference; lastKnownFileType = sourcecode.swift; path = InputTextView.swift; sourceTree = "<group>"; };
		C5F9309E2789819E00FE16B9 /* InputTextView.xib */ = {isa = PBXFileReference; lastKnownFileType = file.xib; path = InputTextView.xib; sourceTree = "<group>"; };
		C5F930B027898C6C00FE16B9 /* RegisterButtonView.swift */ = {isa = PBXFileReference; lastKnownFileType = sourcecode.swift; path = RegisterButtonView.swift; sourceTree = "<group>"; };
		C5F930B527898C7B00FE16B9 /* RegisterButtonView.xib */ = {isa = PBXFileReference; lastKnownFileType = file.xib; path = RegisterButtonView.xib; sourceTree = "<group>"; };
		C5F930EE278A631D00FE16B9 /* ZipCodeManager.swift */ = {isa = PBXFileReference; lastKnownFileType = sourcecode.swift; path = ZipCodeManager.swift; sourceTree = "<group>"; };
		C5F931AB278C688B00FE16B9 /* AddressEntity.swift */ = {isa = PBXFileReference; lastKnownFileType = sourcecode.swift; path = AddressEntity.swift; sourceTree = "<group>"; };
		C5F9326C2798790500FE16B9 /* ErrorMessageType.swift */ = {isa = PBXFileReference; lastKnownFileType = sourcecode.swift; path = ErrorMessageType.swift; sourceTree = "<group>"; };
		C5F9327427989BA600FE16B9 /* IndicatorManager.swift */ = {isa = PBXFileReference; lastKnownFileType = sourcecode.swift; path = IndicatorManager.swift; sourceTree = "<group>"; };
		D37BDF1CADBE7769BBB83F80 /* Pods-SampleZipCodeAPI-SampleZipCodeAPIUITests.release.xcconfig */ = {isa = PBXFileReference; includeInIndex = 1; lastKnownFileType = text.xcconfig; name = "Pods-SampleZipCodeAPI-SampleZipCodeAPIUITests.release.xcconfig"; path = "Target Support Files/Pods-SampleZipCodeAPI-SampleZipCodeAPIUITests/Pods-SampleZipCodeAPI-SampleZipCodeAPIUITests.release.xcconfig"; sourceTree = "<group>"; };
		E2AFEAD189892C3814255E9D /* Pods-SampleZipCodeAPITests.release.xcconfig */ = {isa = PBXFileReference; includeInIndex = 1; lastKnownFileType = text.xcconfig; name = "Pods-SampleZipCodeAPITests.release.xcconfig"; path = "Target Support Files/Pods-SampleZipCodeAPITests/Pods-SampleZipCodeAPITests.release.xcconfig"; sourceTree = "<group>"; };
		E7FE0B3233BEC7B3D7C89C57 /* Pods-SampleZipCodeAPI.release.xcconfig */ = {isa = PBXFileReference; includeInIndex = 1; lastKnownFileType = text.xcconfig; name = "Pods-SampleZipCodeAPI.release.xcconfig"; path = "Target Support Files/Pods-SampleZipCodeAPI/Pods-SampleZipCodeAPI.release.xcconfig"; sourceTree = "<group>"; };
/* End PBXFileReference section */

/* Begin PBXFrameworksBuildPhase section */
		C5F9301D27830BDF00FE16B9 /* Frameworks */ = {
			isa = PBXFrameworksBuildPhase;
			buildActionMask = 2147483647;
			files = (
				47FE131996A8CE9D66AA7A9B /* Pods_SampleZipCodeAPI.framework in Frameworks */,
			);
			runOnlyForDeploymentPostprocessing = 0;
		};
		C5F9303327830BDF00FE16B9 /* Frameworks */ = {
			isa = PBXFrameworksBuildPhase;
			buildActionMask = 2147483647;
			files = (
				EA02A994E6554ACD98F87594 /* Pods_SampleZipCodeAPITests.framework in Frameworks */,
			);
			runOnlyForDeploymentPostprocessing = 0;
		};
		C5F9303E27830BDF00FE16B9 /* Frameworks */ = {
			isa = PBXFrameworksBuildPhase;
			buildActionMask = 2147483647;
			files = (
				AD6F949D18E6CB8EF8D608CD /* Pods_SampleZipCodeAPI_SampleZipCodeAPIUITests.framework in Frameworks */,
			);
			runOnlyForDeploymentPostprocessing = 0;
		};
/* End PBXFrameworksBuildPhase section */

/* Begin PBXGroup section */
		B3375F41A9B03EEA47CF6837 /* Pods */ = {
			isa = PBXGroup;
			children = (
				B92C5751184E577661088A22 /* Pods-SampleZipCodeAPI.debug.xcconfig */,
				E7FE0B3233BEC7B3D7C89C57 /* Pods-SampleZipCodeAPI.release.xcconfig */,
				75E9DFFAD1D4917C435E281D /* Pods-SampleZipCodeAPI-SampleZipCodeAPIUITests.debug.xcconfig */,
				D37BDF1CADBE7769BBB83F80 /* Pods-SampleZipCodeAPI-SampleZipCodeAPIUITests.release.xcconfig */,
				7C782DC99643D6CAC7669125 /* Pods-SampleZipCodeAPITests.debug.xcconfig */,
				E2AFEAD189892C3814255E9D /* Pods-SampleZipCodeAPITests.release.xcconfig */,
			);
			path = Pods;
			sourceTree = "<group>";
		};
		C5F9301727830BDF00FE16B9 = {
			isa = PBXGroup;
			children = (
				C5F9302227830BDF00FE16B9 /* SampleZipCodeAPI */,
				C5F9303927830BDF00FE16B9 /* SampleZipCodeAPITests */,
				C5F9304427830BDF00FE16B9 /* SampleZipCodeAPIUITests */,
				C5F9302127830BDF00FE16B9 /* Products */,
				B3375F41A9B03EEA47CF6837 /* Pods */,
				E4EBD9783A257C6F3158D9C2 /* Frameworks */,
			);
			sourceTree = "<group>";
		};
		C5F9302127830BDF00FE16B9 /* Products */ = {
			isa = PBXGroup;
			children = (
				C5F9302027830BDF00FE16B9 /* SampleZipCodeAPI.app */,
				C5F9303627830BDF00FE16B9 /* SampleZipCodeAPITests.xctest */,
				C5F9304127830BDF00FE16B9 /* SampleZipCodeAPIUITests.xctest */,
			);
			name = Products;
			sourceTree = "<group>";
		};
		C5F9302227830BDF00FE16B9 /* SampleZipCodeAPI */ = {
			isa = PBXGroup;
			children = (
				C5F930ED278A627500FE16B9 /* Model */,
				C5F930642783103500FE16B9 /* View */,
				C5F930632783103000FE16B9 /* Controller */,
				C5F930622783102900FE16B9 /* Extensions */,
				C5F9326B279878DF00FE16B9 /* Common */,
				C5F9302327830BDF00FE16B9 /* AppDelegate.swift */,
				C5F9302527830BDF00FE16B9 /* SceneDelegate.swift */,
				C5F9302927830BDF00FE16B9 /* Main.storyboard */,
				C5F9302C27830BDF00FE16B9 /* Assets.xcassets */,
				C5F9302E27830BDF00FE16B9 /* LaunchScreen.storyboard */,
				C5F9303127830BDF00FE16B9 /* Info.plist */,
			);
			path = SampleZipCodeAPI;
			sourceTree = "<group>";
		};
		C5F9303927830BDF00FE16B9 /* SampleZipCodeAPITests */ = {
			isa = PBXGroup;
			children = (
				C5F9303A27830BDF00FE16B9 /* SampleZipCodeAPITests.swift */,
				C5F9303C27830BDF00FE16B9 /* Info.plist */,
			);
			path = SampleZipCodeAPITests;
			sourceTree = "<group>";
		};
		C5F9304427830BDF00FE16B9 /* SampleZipCodeAPIUITests */ = {
			isa = PBXGroup;
			children = (
				C5F9304527830BE000FE16B9 /* SampleZipCodeAPIUITests.swift */,
				C5F9304727830BE000FE16B9 /* Info.plist */,
			);
			path = SampleZipCodeAPIUITests;
			sourceTree = "<group>";
		};
		C5F930622783102900FE16B9 /* Extensions */ = {
			isa = PBXGroup;
			children = (
				C5F930702783114000FE16B9 /* NSObject+.swift */,
				C5F9307F2783188D00FE16B9 /* UIViewController+.swift */,
				C5F930942785CBA500FE16B9 /* UITableView+.swift */,
			);
			path = Extensions;
			sourceTree = "<group>";
		};
		C5F930632783103000FE16B9 /* Controller */ = {
			isa = PBXGroup;
			children = (
				C5F9302727830BDF00FE16B9 /* PersonalInfoListViewController.swift */,
				C5F930752783176200FE16B9 /* RegisterViewController.swift */,
				C5F9307A2783176D00FE16B9 /* RegisterViewController.storyboard */,
			);
			path = Controller;
			sourceTree = "<group>";
		};
		C5F930642783103500FE16B9 /* View */ = {
			isa = PBXGroup;
			children = (
				C5F930662783107D00FE16B9 /* PersonalInfoView.swift */,
				C5F930672783107D00FE16B9 /* PersonalInfoView.xib */,
				C5F930992789818D00FE16B9 /* InputTextView.swift */,
				C5F9309E2789819E00FE16B9 /* InputTextView.xib */,
				C5F930B027898C6C00FE16B9 /* RegisterButtonView.swift */,
				C5F930B527898C7B00FE16B9 /* RegisterButtonView.xib */,
				C5F9327427989BA600FE16B9 /* IndicatorManager.swift */,
			);
			path = View;
			sourceTree = "<group>";
		};
		C5F930ED278A627500FE16B9 /* Model */ = {
			isa = PBXGroup;
			children = (
				C5F930EE278A631D00FE16B9 /* ZipCodeManager.swift */,
				C5F931AB278C688B00FE16B9 /* AddressEntity.swift */,
				C5F09FC7279D2B4800E02B7B /* PersonalInfoEntity.swift */,
				C5832D8527A67E6700DD5F96 /* RealmManager.swift */,
			);
			path = Model;
			sourceTree = "<group>";
		};
		C5F9326B279878DF00FE16B9 /* Common */ = {
			isa = PBXGroup;
			children = (
				C5F9326C2798790500FE16B9 /* ErrorMessageType.swift */,
			);
			path = Common;
			sourceTree = "<group>";
		};
		E4EBD9783A257C6F3158D9C2 /* Frameworks */ = {
			isa = PBXGroup;
			children = (
				0EAD2B532A3B6AF34BBE7966 /* Pods_SampleZipCodeAPI.framework */,
				2496BAE768156C564F39CBED /* Pods_SampleZipCodeAPI_SampleZipCodeAPIUITests.framework */,
				3328087FBAF01F86420FC620 /* Pods_SampleZipCodeAPITests.framework */,
			);
			name = Frameworks;
			sourceTree = "<group>";
		};
/* End PBXGroup section */

/* Begin PBXNativeTarget section */
		C5F9301F27830BDF00FE16B9 /* SampleZipCodeAPI */ = {
			isa = PBXNativeTarget;
			buildConfigurationList = C5F9304A27830BE000FE16B9 /* Build configuration list for PBXNativeTarget "SampleZipCodeAPI" */;
			buildPhases = (
				5E9E2B6248F96BF23488FF50 /* [CP] Check Pods Manifest.lock */,
				C5F9301C27830BDF00FE16B9 /* Sources */,
				C5F9301D27830BDF00FE16B9 /* Frameworks */,
				C5F9301E27830BDF00FE16B9 /* Resources */,
				50D5EE058327601448EEC077 /* [CP] Embed Pods Frameworks */,
			);
			buildRules = (
			);
			dependencies = (
			);
			name = SampleZipCodeAPI;
			productName = SampleZipCodeAPI;
			productReference = C5F9302027830BDF00FE16B9 /* SampleZipCodeAPI.app */;
			productType = "com.apple.product-type.application";
		};
		C5F9303527830BDF00FE16B9 /* SampleZipCodeAPITests */ = {
			isa = PBXNativeTarget;
			buildConfigurationList = C5F9304D27830BE000FE16B9 /* Build configuration list for PBXNativeTarget "SampleZipCodeAPITests" */;
			buildPhases = (
				22AD5F85A0CABA167FF7DBB1 /* [CP] Check Pods Manifest.lock */,
				C5F9303227830BDF00FE16B9 /* Sources */,
				C5F9303327830BDF00FE16B9 /* Frameworks */,
				C5F9303427830BDF00FE16B9 /* Resources */,
			);
			buildRules = (
			);
			dependencies = (
				C5F9303827830BDF00FE16B9 /* PBXTargetDependency */,
			);
			name = SampleZipCodeAPITests;
			productName = SampleZipCodeAPITests;
			productReference = C5F9303627830BDF00FE16B9 /* SampleZipCodeAPITests.xctest */;
			productType = "com.apple.product-type.bundle.unit-test";
		};
		C5F9304027830BDF00FE16B9 /* SampleZipCodeAPIUITests */ = {
			isa = PBXNativeTarget;
			buildConfigurationList = C5F9305027830BE000FE16B9 /* Build configuration list for PBXNativeTarget "SampleZipCodeAPIUITests" */;
			buildPhases = (
				DF27D48C2D2F9CE498053595 /* [CP] Check Pods Manifest.lock */,
				C5F9303D27830BDF00FE16B9 /* Sources */,
				C5F9303E27830BDF00FE16B9 /* Frameworks */,
				C5F9303F27830BDF00FE16B9 /* Resources */,
				305061E503117190BF4F4E52 /* [CP] Embed Pods Frameworks */,
			);
			buildRules = (
			);
			dependencies = (
				C5F9304327830BDF00FE16B9 /* PBXTargetDependency */,
			);
			name = SampleZipCodeAPIUITests;
			productName = SampleZipCodeAPIUITests;
			productReference = C5F9304127830BDF00FE16B9 /* SampleZipCodeAPIUITests.xctest */;
			productType = "com.apple.product-type.bundle.ui-testing";
		};
/* End PBXNativeTarget section */

/* Begin PBXProject section */
		C5F9301827830BDF00FE16B9 /* Project object */ = {
			isa = PBXProject;
			attributes = {
				LastSwiftUpdateCheck = 1240;
				LastUpgradeCheck = 1240;
				TargetAttributes = {
					C5F9301F27830BDF00FE16B9 = {
						CreatedOnToolsVersion = 12.4;
					};
					C5F9303527830BDF00FE16B9 = {
						CreatedOnToolsVersion = 12.4;
						TestTargetID = C5F9301F27830BDF00FE16B9;
					};
					C5F9304027830BDF00FE16B9 = {
						CreatedOnToolsVersion = 12.4;
						TestTargetID = C5F9301F27830BDF00FE16B9;
					};
				};
			};
			buildConfigurationList = C5F9301B27830BDF00FE16B9 /* Build configuration list for PBXProject "SampleZipCodeAPI" */;
			compatibilityVersion = "Xcode 9.3";
			developmentRegion = en;
			hasScannedForEncodings = 0;
			knownRegions = (
				en,
				Base,
			);
			mainGroup = C5F9301727830BDF00FE16B9;
			productRefGroup = C5F9302127830BDF00FE16B9 /* Products */;
			projectDirPath = "";
			projectRoot = "";
			targets = (
				C5F9301F27830BDF00FE16B9 /* SampleZipCodeAPI */,
				C5F9303527830BDF00FE16B9 /* SampleZipCodeAPITests */,
				C5F9304027830BDF00FE16B9 /* SampleZipCodeAPIUITests */,
			);
		};
/* End PBXProject section */

/* Begin PBXResourcesBuildPhase section */
		C5F9301E27830BDF00FE16B9 /* Resources */ = {
			isa = PBXResourcesBuildPhase;
			buildActionMask = 2147483647;
			files = (
				C5F930692783107D00FE16B9 /* PersonalInfoView.xib in Resources */,
				C5F9303027830BDF00FE16B9 /* LaunchScreen.storyboard in Resources */,
				C5F930B627898C7B00FE16B9 /* RegisterButtonView.xib in Resources */,
				C5F9307B2783176D00FE16B9 /* RegisterViewController.storyboard in Resources */,
				C5F9302D27830BDF00FE16B9 /* Assets.xcassets in Resources */,
				C5F9309F2789819E00FE16B9 /* InputTextView.xib in Resources */,
				C5F9302B27830BDF00FE16B9 /* Main.storyboard in Resources */,
			);
			runOnlyForDeploymentPostprocessing = 0;
		};
		C5F9303427830BDF00FE16B9 /* Resources */ = {
			isa = PBXResourcesBuildPhase;
			buildActionMask = 2147483647;
			files = (
			);
			runOnlyForDeploymentPostprocessing = 0;
		};
		C5F9303F27830BDF00FE16B9 /* Resources */ = {
			isa = PBXResourcesBuildPhase;
			buildActionMask = 2147483647;
			files = (
			);
			runOnlyForDeploymentPostprocessing = 0;
		};
/* End PBXResourcesBuildPhase section */

/* Begin PBXShellScriptBuildPhase section */
		22AD5F85A0CABA167FF7DBB1 /* [CP] Check Pods Manifest.lock */ = {
			isa = PBXShellScriptBuildPhase;
			buildActionMask = 2147483647;
			files = (
			);
			inputFileListPaths = (
			);
			inputPaths = (
				"${PODS_PODFILE_DIR_PATH}/Podfile.lock",
				"${PODS_ROOT}/Manifest.lock",
			);
			name = "[CP] Check Pods Manifest.lock";
			outputFileListPaths = (
			);
			outputPaths = (
				"$(DERIVED_FILE_DIR)/Pods-SampleZipCodeAPITests-checkManifestLockResult.txt",
			);
			runOnlyForDeploymentPostprocessing = 0;
			shellPath = /bin/sh;
			shellScript = "diff \"${PODS_PODFILE_DIR_PATH}/Podfile.lock\" \"${PODS_ROOT}/Manifest.lock\" > /dev/null\nif [ $? != 0 ] ; then\n    # print error to STDERR\n    echo \"error: The sandbox is not in sync with the Podfile.lock. Run 'pod install' or update your CocoaPods installation.\" >&2\n    exit 1\nfi\n# This output is used by Xcode 'outputs' to avoid re-running this script phase.\necho \"SUCCESS\" > \"${SCRIPT_OUTPUT_FILE_0}\"\n";
			showEnvVarsInLog = 0;
		};
		305061E503117190BF4F4E52 /* [CP] Embed Pods Frameworks */ = {
			isa = PBXShellScriptBuildPhase;
			buildActionMask = 2147483647;
			files = (
			);
			inputFileListPaths = (
				"${PODS_ROOT}/Target Support Files/Pods-SampleZipCodeAPI-SampleZipCodeAPIUITests/Pods-SampleZipCodeAPI-SampleZipCodeAPIUITests-frameworks-${CONFIGURATION}-input-files.xcfilelist",
			);
			name = "[CP] Embed Pods Frameworks";
			outputFileListPaths = (
				"${PODS_ROOT}/Target Support Files/Pods-SampleZipCodeAPI-SampleZipCodeAPIUITests/Pods-SampleZipCodeAPI-SampleZipCodeAPIUITests-frameworks-${CONFIGURATION}-output-files.xcfilelist",
			);
			runOnlyForDeploymentPostprocessing = 0;
			shellPath = /bin/sh;
			shellScript = "\"${PODS_ROOT}/Target Support Files/Pods-SampleZipCodeAPI-SampleZipCodeAPIUITests/Pods-SampleZipCodeAPI-SampleZipCodeAPIUITests-frameworks.sh\"\n";
			showEnvVarsInLog = 0;
		};
		50D5EE058327601448EEC077 /* [CP] Embed Pods Frameworks */ = {
			isa = PBXShellScriptBuildPhase;
			buildActionMask = 2147483647;
			files = (
			);
			inputFileListPaths = (
				"${PODS_ROOT}/Target Support Files/Pods-SampleZipCodeAPI/Pods-SampleZipCodeAPI-frameworks-${CONFIGURATION}-input-files.xcfilelist",
			);
			name = "[CP] Embed Pods Frameworks";
			outputFileListPaths = (
				"${PODS_ROOT}/Target Support Files/Pods-SampleZipCodeAPI/Pods-SampleZipCodeAPI-frameworks-${CONFIGURATION}-output-files.xcfilelist",
			);
			runOnlyForDeploymentPostprocessing = 0;
			shellPath = /bin/sh;
			shellScript = "\"${PODS_ROOT}/Target Support Files/Pods-SampleZipCodeAPI/Pods-SampleZipCodeAPI-frameworks.sh\"\n";
			showEnvVarsInLog = 0;
		};
		5E9E2B6248F96BF23488FF50 /* [CP] Check Pods Manifest.lock */ = {
			isa = PBXShellScriptBuildPhase;
			buildActionMask = 2147483647;
			files = (
			);
			inputFileListPaths = (
			);
			inputPaths = (
				"${PODS_PODFILE_DIR_PATH}/Podfile.lock",
				"${PODS_ROOT}/Manifest.lock",
			);
			name = "[CP] Check Pods Manifest.lock";
			outputFileListPaths = (
			);
			outputPaths = (
				"$(DERIVED_FILE_DIR)/Pods-SampleZipCodeAPI-checkManifestLockResult.txt",
			);
			runOnlyForDeploymentPostprocessing = 0;
			shellPath = /bin/sh;
			shellScript = "diff \"${PODS_PODFILE_DIR_PATH}/Podfile.lock\" \"${PODS_ROOT}/Manifest.lock\" > /dev/null\nif [ $? != 0 ] ; then\n    # print error to STDERR\n    echo \"error: The sandbox is not in sync with the Podfile.lock. Run 'pod install' or update your CocoaPods installation.\" >&2\n    exit 1\nfi\n# This output is used by Xcode 'outputs' to avoid re-running this script phase.\necho \"SUCCESS\" > \"${SCRIPT_OUTPUT_FILE_0}\"\n";
			showEnvVarsInLog = 0;
		};
		DF27D48C2D2F9CE498053595 /* [CP] Check Pods Manifest.lock */ = {
			isa = PBXShellScriptBuildPhase;
			buildActionMask = 2147483647;
			files = (
			);
			inputFileListPaths = (
			);
			inputPaths = (
				"${PODS_PODFILE_DIR_PATH}/Podfile.lock",
				"${PODS_ROOT}/Manifest.lock",
			);
			name = "[CP] Check Pods Manifest.lock";
			outputFileListPaths = (
			);
			outputPaths = (
				"$(DERIVED_FILE_DIR)/Pods-SampleZipCodeAPI-SampleZipCodeAPIUITests-checkManifestLockResult.txt",
			);
			runOnlyForDeploymentPostprocessing = 0;
			shellPath = /bin/sh;
			shellScript = "diff \"${PODS_PODFILE_DIR_PATH}/Podfile.lock\" \"${PODS_ROOT}/Manifest.lock\" > /dev/null\nif [ $? != 0 ] ; then\n    # print error to STDERR\n    echo \"error: The sandbox is not in sync with the Podfile.lock. Run 'pod install' or update your CocoaPods installation.\" >&2\n    exit 1\nfi\n# This output is used by Xcode 'outputs' to avoid re-running this script phase.\necho \"SUCCESS\" > \"${SCRIPT_OUTPUT_FILE_0}\"\n";
			showEnvVarsInLog = 0;
		};
/* End PBXShellScriptBuildPhase section */

/* Begin PBXSourcesBuildPhase section */
		C5F9301C27830BDF00FE16B9 /* Sources */ = {
			isa = PBXSourcesBuildPhase;
			buildActionMask = 2147483647;
			files = (
				C5F930802783188D00FE16B9 /* UIViewController+.swift in Sources */,
				C5F930EF278A631D00FE16B9 /* ZipCodeManager.swift in Sources */,
				C5F930952785CBA500FE16B9 /* UITableView+.swift in Sources */,
				C5F930712783114000FE16B9 /* NSObject+.swift in Sources */,
				C5F930B127898C6C00FE16B9 /* RegisterButtonView.swift in Sources */,
				C5F931AC278C688B00FE16B9 /* AddressEntity.swift in Sources */,
				C5F930682783107D00FE16B9 /* PersonalInfoView.swift in Sources */,
				C5F9302827830BDF00FE16B9 /* PersonalInfoListViewController.swift in Sources */,
				C5F930762783176200FE16B9 /* RegisterViewController.swift in Sources */,
				C5832D8627A67E6700DD5F96 /* RealmManager.swift in Sources */,
				C5F9309A2789818D00FE16B9 /* InputTextView.swift in Sources */,
				C5F9326D2798790500FE16B9 /* ErrorMessageType.swift in Sources */,
				C5F09FC8279D2B4800E02B7B /* PersonalInfoEntity.swift in Sources */,
				C5F9302427830BDF00FE16B9 /* AppDelegate.swift in Sources */,
				C5F9302627830BDF00FE16B9 /* SceneDelegate.swift in Sources */,
				C5F9327527989BA600FE16B9 /* IndicatorManager.swift in Sources */,
			);
			runOnlyForDeploymentPostprocessing = 0;
		};
		C5F9303227830BDF00FE16B9 /* Sources */ = {
			isa = PBXSourcesBuildPhase;
			buildActionMask = 2147483647;
			files = (
				C5F9303B27830BDF00FE16B9 /* SampleZipCodeAPITests.swift in Sources */,
			);
			runOnlyForDeploymentPostprocessing = 0;
		};
		C5F9303D27830BDF00FE16B9 /* Sources */ = {
			isa = PBXSourcesBuildPhase;
			buildActionMask = 2147483647;
			files = (
				C5F9304627830BE000FE16B9 /* SampleZipCodeAPIUITests.swift in Sources */,
			);
			runOnlyForDeploymentPostprocessing = 0;
		};
/* End PBXSourcesBuildPhase section */

/* Begin PBXTargetDependency section */
		C5F9303827830BDF00FE16B9 /* PBXTargetDependency */ = {
			isa = PBXTargetDependency;
			target = C5F9301F27830BDF00FE16B9 /* SampleZipCodeAPI */;
			targetProxy = C5F9303727830BDF00FE16B9 /* PBXContainerItemProxy */;
		};
		C5F9304327830BDF00FE16B9 /* PBXTargetDependency */ = {
			isa = PBXTargetDependency;
			target = C5F9301F27830BDF00FE16B9 /* SampleZipCodeAPI */;
			targetProxy = C5F9304227830BDF00FE16B9 /* PBXContainerItemProxy */;
		};
/* End PBXTargetDependency section */

/* Begin PBXVariantGroup section */
		C5F9302927830BDF00FE16B9 /* Main.storyboard */ = {
			isa = PBXVariantGroup;
			children = (
				C5F9302A27830BDF00FE16B9 /* Base */,
			);
			name = Main.storyboard;
			sourceTree = "<group>";
		};
		C5F9302E27830BDF00FE16B9 /* LaunchScreen.storyboard */ = {
			isa = PBXVariantGroup;
			children = (
				C5F9302F27830BDF00FE16B9 /* Base */,
			);
			name = LaunchScreen.storyboard;
			sourceTree = "<group>";
		};
/* End PBXVariantGroup section */

/* Begin XCBuildConfiguration section */
		C5F9304827830BE000FE16B9 /* Debug */ = {
			isa = XCBuildConfiguration;
			buildSettings = {
				ALWAYS_SEARCH_USER_PATHS = NO;
				CLANG_ANALYZER_NONNULL = YES;
				CLANG_ANALYZER_NUMBER_OBJECT_CONVERSION = YES_AGGRESSIVE;
				CLANG_CXX_LANGUAGE_STANDARD = "gnu++14";
				CLANG_CXX_LIBRARY = "libc++";
				CLANG_ENABLE_MODULES = YES;
				CLANG_ENABLE_OBJC_ARC = YES;
				CLANG_ENABLE_OBJC_WEAK = YES;
				CLANG_WARN_BLOCK_CAPTURE_AUTORELEASING = YES;
				CLANG_WARN_BOOL_CONVERSION = YES;
				CLANG_WARN_COMMA = YES;
				CLANG_WARN_CONSTANT_CONVERSION = YES;
				CLANG_WARN_DEPRECATED_OBJC_IMPLEMENTATIONS = YES;
				CLANG_WARN_DIRECT_OBJC_ISA_USAGE = YES_ERROR;
				CLANG_WARN_DOCUMENTATION_COMMENTS = YES;
				CLANG_WARN_EMPTY_BODY = YES;
				CLANG_WARN_ENUM_CONVERSION = YES;
				CLANG_WARN_INFINITE_RECURSION = YES;
				CLANG_WARN_INT_CONVERSION = YES;
				CLANG_WARN_NON_LITERAL_NULL_CONVERSION = YES;
				CLANG_WARN_OBJC_IMPLICIT_RETAIN_SELF = YES;
				CLANG_WARN_OBJC_LITERAL_CONVERSION = YES;
				CLANG_WARN_OBJC_ROOT_CLASS = YES_ERROR;
				CLANG_WARN_QUOTED_INCLUDE_IN_FRAMEWORK_HEADER = YES;
				CLANG_WARN_RANGE_LOOP_ANALYSIS = YES;
				CLANG_WARN_STRICT_PROTOTYPES = YES;
				CLANG_WARN_SUSPICIOUS_MOVE = YES;
				CLANG_WARN_UNGUARDED_AVAILABILITY = YES_AGGRESSIVE;
				CLANG_WARN_UNREACHABLE_CODE = YES;
				CLANG_WARN__DUPLICATE_METHOD_MATCH = YES;
				COPY_PHASE_STRIP = NO;
				DEBUG_INFORMATION_FORMAT = dwarf;
				ENABLE_STRICT_OBJC_MSGSEND = YES;
				ENABLE_TESTABILITY = YES;
				GCC_C_LANGUAGE_STANDARD = gnu11;
				GCC_DYNAMIC_NO_PIC = NO;
				GCC_NO_COMMON_BLOCKS = YES;
				GCC_OPTIMIZATION_LEVEL = 0;
				GCC_PREPROCESSOR_DEFINITIONS = (
					"DEBUG=1",
					"$(inherited)",
				);
				GCC_WARN_64_TO_32_BIT_CONVERSION = YES;
				GCC_WARN_ABOUT_RETURN_TYPE = YES_ERROR;
				GCC_WARN_UNDECLARED_SELECTOR = YES;
				GCC_WARN_UNINITIALIZED_AUTOS = YES_AGGRESSIVE;
				GCC_WARN_UNUSED_FUNCTION = YES;
				GCC_WARN_UNUSED_VARIABLE = YES;
				IPHONEOS_DEPLOYMENT_TARGET = 13.0;
				MTL_ENABLE_DEBUG_INFO = INCLUDE_SOURCE;
				MTL_FAST_MATH = YES;
				ONLY_ACTIVE_ARCH = YES;
				SDKROOT = iphoneos;
				SWIFT_ACTIVE_COMPILATION_CONDITIONS = DEBUG;
				SWIFT_OPTIMIZATION_LEVEL = "-Onone";
			};
			name = Debug;
		};
		C5F9304927830BE000FE16B9 /* Release */ = {
			isa = XCBuildConfiguration;
			buildSettings = {
				ALWAYS_SEARCH_USER_PATHS = NO;
				CLANG_ANALYZER_NONNULL = YES;
				CLANG_ANALYZER_NUMBER_OBJECT_CONVERSION = YES_AGGRESSIVE;
				CLANG_CXX_LANGUAGE_STANDARD = "gnu++14";
				CLANG_CXX_LIBRARY = "libc++";
				CLANG_ENABLE_MODULES = YES;
				CLANG_ENABLE_OBJC_ARC = YES;
				CLANG_ENABLE_OBJC_WEAK = YES;
				CLANG_WARN_BLOCK_CAPTURE_AUTORELEASING = YES;
				CLANG_WARN_BOOL_CONVERSION = YES;
				CLANG_WARN_COMMA = YES;
				CLANG_WARN_CONSTANT_CONVERSION = YES;
				CLANG_WARN_DEPRECATED_OBJC_IMPLEMENTATIONS = YES;
				CLANG_WARN_DIRECT_OBJC_ISA_USAGE = YES_ERROR;
				CLANG_WARN_DOCUMENTATION_COMMENTS = YES;
				CLANG_WARN_EMPTY_BODY = YES;
				CLANG_WARN_ENUM_CONVERSION = YES;
				CLANG_WARN_INFINITE_RECURSION = YES;
				CLANG_WARN_INT_CONVERSION = YES;
				CLANG_WARN_NON_LITERAL_NULL_CONVERSION = YES;
				CLANG_WARN_OBJC_IMPLICIT_RETAIN_SELF = YES;
				CLANG_WARN_OBJC_LITERAL_CONVERSION = YES;
				CLANG_WARN_OBJC_ROOT_CLASS = YES_ERROR;
				CLANG_WARN_QUOTED_INCLUDE_IN_FRAMEWORK_HEADER = YES;
				CLANG_WARN_RANGE_LOOP_ANALYSIS = YES;
				CLANG_WARN_STRICT_PROTOTYPES = YES;
				CLANG_WARN_SUSPICIOUS_MOVE = YES;
				CLANG_WARN_UNGUARDED_AVAILABILITY = YES_AGGRESSIVE;
				CLANG_WARN_UNREACHABLE_CODE = YES;
				CLANG_WARN__DUPLICATE_METHOD_MATCH = YES;
				COPY_PHASE_STRIP = NO;
				DEBUG_INFORMATION_FORMAT = "dwarf-with-dsym";
				ENABLE_NS_ASSERTIONS = NO;
				ENABLE_STRICT_OBJC_MSGSEND = YES;
				GCC_C_LANGUAGE_STANDARD = gnu11;
				GCC_NO_COMMON_BLOCKS = YES;
				GCC_WARN_64_TO_32_BIT_CONVERSION = YES;
				GCC_WARN_ABOUT_RETURN_TYPE = YES_ERROR;
				GCC_WARN_UNDECLARED_SELECTOR = YES;
				GCC_WARN_UNINITIALIZED_AUTOS = YES_AGGRESSIVE;
				GCC_WARN_UNUSED_FUNCTION = YES;
				GCC_WARN_UNUSED_VARIABLE = YES;
				IPHONEOS_DEPLOYMENT_TARGET = 13.0;
				MTL_ENABLE_DEBUG_INFO = NO;
				MTL_FAST_MATH = YES;
				SDKROOT = iphoneos;
				SWIFT_COMPILATION_MODE = wholemodule;
				SWIFT_OPTIMIZATION_LEVEL = "-O";
				VALIDATE_PRODUCT = YES;
			};
			name = Release;
		};
		C5F9304B27830BE000FE16B9 /* Debug */ = {
			isa = XCBuildConfiguration;
			baseConfigurationReference = B92C5751184E577661088A22 /* Pods-SampleZipCodeAPI.debug.xcconfig */;
			buildSettings = {
				ASSETCATALOG_COMPILER_APPICON_NAME = AppIcon;
				ASSETCATALOG_COMPILER_GLOBAL_ACCENT_COLOR_NAME = AccentColor;
				CODE_SIGN_STYLE = Automatic;
				DEVELOPMENT_TEAM = 737XJB84YA;
				INFOPLIST_FILE = SampleZipCodeAPI/Info.plist;
				IPHONEOS_DEPLOYMENT_TARGET = 13.0;
				LD_RUNPATH_SEARCH_PATHS = (
					"$(inherited)",
					"@executable_path/Frameworks",
				);
				PRODUCT_BUNDLE_IDENTIFIER = com.fuchi.SampleZipCodeAPI;
				PRODUCT_NAME = "$(TARGET_NAME)";
				SWIFT_VERSION = 5.0;
				TARGETED_DEVICE_FAMILY = 1;
			};
			name = Debug;
		};
		C5F9304C27830BE000FE16B9 /* Release */ = {
			isa = XCBuildConfiguration;
			baseConfigurationReference = E7FE0B3233BEC7B3D7C89C57 /* Pods-SampleZipCodeAPI.release.xcconfig */;
			buildSettings = {
				ASSETCATALOG_COMPILER_APPICON_NAME = AppIcon;
				ASSETCATALOG_COMPILER_GLOBAL_ACCENT_COLOR_NAME = AccentColor;
				CODE_SIGN_STYLE = Automatic;
				DEVELOPMENT_TEAM = 737XJB84YA;
				INFOPLIST_FILE = SampleZipCodeAPI/Info.plist;
				IPHONEOS_DEPLOYMENT_TARGET = 13.0;
				LD_RUNPATH_SEARCH_PATHS = (
					"$(inherited)",
					"@executable_path/Frameworks",
				);
				PRODUCT_BUNDLE_IDENTIFIER = com.fuchi.SampleZipCodeAPI;
				PRODUCT_NAME = "$(TARGET_NAME)";
				SWIFT_VERSION = 5.0;
				TARGETED_DEVICE_FAMILY = 1;
			};
			name = Release;
		};
		C5F9304E27830BE000FE16B9 /* Debug */ = {
			isa = XCBuildConfiguration;
			baseConfigurationReference = 7C782DC99643D6CAC7669125 /* Pods-SampleZipCodeAPITests.debug.xcconfig */;
			buildSettings = {
				ALWAYS_EMBED_SWIFT_STANDARD_LIBRARIES = YES;
				BUNDLE_LOADER = "$(TEST_HOST)";
				CODE_SIGN_STYLE = Automatic;
				DEVELOPMENT_TEAM = 737XJB84YA;
				INFOPLIST_FILE = SampleZipCodeAPITests/Info.plist;
				IPHONEOS_DEPLOYMENT_TARGET = 14.4;
				LD_RUNPATH_SEARCH_PATHS = (
					"$(inherited)",
					"@executable_path/Frameworks",
					"@loader_path/Frameworks",
				);
				PRODUCT_BUNDLE_IDENTIFIER = com.fuchi.SampleZipCodeAPITests;
				PRODUCT_NAME = "$(TARGET_NAME)";
				SWIFT_VERSION = 5.0;
				TARGETED_DEVICE_FAMILY = "1,2";
				TEST_HOST = "$(BUILT_PRODUCTS_DIR)/SampleZipCodeAPI.app/SampleZipCodeAPI";
			};
			name = Debug;
		};
		C5F9304F27830BE000FE16B9 /* Release */ = {
			isa = XCBuildConfiguration;
			baseConfigurationReference = E2AFEAD189892C3814255E9D /* Pods-SampleZipCodeAPITests.release.xcconfig */;
			buildSettings = {
				ALWAYS_EMBED_SWIFT_STANDARD_LIBRARIES = YES;
				BUNDLE_LOADER = "$(TEST_HOST)";
				CODE_SIGN_STYLE = Automatic;
				DEVELOPMENT_TEAM = 737XJB84YA;
				INFOPLIST_FILE = SampleZipCodeAPITests/Info.plist;
				IPHONEOS_DEPLOYMENT_TARGET = 14.4;
				LD_RUNPATH_SEARCH_PATHS = (
					"$(inherited)",
					"@executable_path/Frameworks",
					"@loader_path/Frameworks",
				);
				PRODUCT_BUNDLE_IDENTIFIER = com.fuchi.SampleZipCodeAPITests;
				PRODUCT_NAME = "$(TARGET_NAME)";
				SWIFT_VERSION = 5.0;
				TARGETED_DEVICE_FAMILY = "1,2";
				TEST_HOST = "$(BUILT_PRODUCTS_DIR)/SampleZipCodeAPI.app/SampleZipCodeAPI";
			};
			name = Release;
		};
		C5F9305127830BE000FE16B9 /* Debug */ = {
			isa = XCBuildConfiguration;
			baseConfigurationReference = 75E9DFFAD1D4917C435E281D /* Pods-SampleZipCodeAPI-SampleZipCodeAPIUITests.debug.xcconfig */;
			buildSettings = {
				ALWAYS_EMBED_SWIFT_STANDARD_LIBRARIES = YES;
				CODE_SIGN_STYLE = Automatic;
				DEVELOPMENT_TEAM = 737XJB84YA;
				INFOPLIST_FILE = SampleZipCodeAPIUITests/Info.plist;
				LD_RUNPATH_SEARCH_PATHS = (
					"$(inherited)",
					"@executable_path/Frameworks",
					"@loader_path/Frameworks",
				);
				PRODUCT_BUNDLE_IDENTIFIER = com.fuchi.SampleZipCodeAPIUITests;
				PRODUCT_NAME = "$(TARGET_NAME)";
				SWIFT_VERSION = 5.0;
				TARGETED_DEVICE_FAMILY = "1,2";
				TEST_TARGET_NAME = SampleZipCodeAPI;
			};
			name = Debug;
		};
		C5F9305227830BE000FE16B9 /* Release */ = {
			isa = XCBuildConfiguration;
			baseConfigurationReference = D37BDF1CADBE7769BBB83F80 /* Pods-SampleZipCodeAPI-SampleZipCodeAPIUITests.release.xcconfig */;
			buildSettings = {
				ALWAYS_EMBED_SWIFT_STANDARD_LIBRARIES = YES;
				CODE_SIGN_STYLE = Automatic;
				DEVELOPMENT_TEAM = 737XJB84YA;
				INFOPLIST_FILE = SampleZipCodeAPIUITests/Info.plist;
				LD_RUNPATH_SEARCH_PATHS = (
					"$(inherited)",
					"@executable_path/Frameworks",
					"@loader_path/Frameworks",
				);
				PRODUCT_BUNDLE_IDENTIFIER = com.fuchi.SampleZipCodeAPIUITests;
				PRODUCT_NAME = "$(TARGET_NAME)";
				SWIFT_VERSION = 5.0;
				TARGETED_DEVICE_FAMILY = "1,2";
				TEST_TARGET_NAME = SampleZipCodeAPI;
			};
			name = Release;
		};
/* End XCBuildConfiguration section */

/* Begin XCConfigurationList section */
		C5F9301B27830BDF00FE16B9 /* Build configuration list for PBXProject "SampleZipCodeAPI" */ = {
			isa = XCConfigurationList;
			buildConfigurations = (
				C5F9304827830BE000FE16B9 /* Debug */,
				C5F9304927830BE000FE16B9 /* Release */,
			);
			defaultConfigurationIsVisible = 0;
			defaultConfigurationName = Release;
		};
		C5F9304A27830BE000FE16B9 /* Build configuration list for PBXNativeTarget "SampleZipCodeAPI" */ = {
			isa = XCConfigurationList;
			buildConfigurations = (
				C5F9304B27830BE000FE16B9 /* Debug */,
				C5F9304C27830BE000FE16B9 /* Release */,
			);
			defaultConfigurationIsVisible = 0;
			defaultConfigurationName = Release;
		};
		C5F9304D27830BE000FE16B9 /* Build configuration list for PBXNativeTarget "SampleZipCodeAPITests" */ = {
			isa = XCConfigurationList;
			buildConfigurations = (
				C5F9304E27830BE000FE16B9 /* Debug */,
				C5F9304F27830BE000FE16B9 /* Release */,
			);
			defaultConfigurationIsVisible = 0;
			defaultConfigurationName = Release;
		};
		C5F9305027830BE000FE16B9 /* Build configuration list for PBXNativeTarget "SampleZipCodeAPIUITests" */ = {
			isa = XCConfigurationList;
			buildConfigurations = (
				C5F9305127830BE000FE16B9 /* Debug */,
				C5F9305227830BE000FE16B9 /* Release */,
			);
			defaultConfigurationIsVisible = 0;
			defaultConfigurationName = Release;
		};
/* End XCConfigurationList section */
	};
	rootObject = C5F9301827830BDF00FE16B9 /* Project object */;
}
